
Microsoft Visual Studio Solution File, Format Version 12.00
# Visual Studio Version 16
VisualStudioVersion = 16.0.31019.35
MinimumVisualStudioVersion = 10.0.40219.1
Project("{9A19103F-16F7-4668-BE54-9A1E7A4F7556}") = "onlinebookstorev1.0", "onlinebookstorev1.0\onlinebookstorev1.0.csproj", "{BB7FE6DB-7110-456A-9AD5-4EEBE7BE1810}"
EndProject
Global
	GlobalSection(SolutionConfigurationPlatforms) = preSolution
		Debug|Any CPU = Debug|Any CPU
		Release|Any CPU = Release|Any CPU
	EndGlobalSection
	GlobalSection(ProjectConfigurationPlatforms) = postSolution
		{BB7FE6DB-7110-456A-9AD5-4EEBE7BE1810}.Debug|Any CPU.ActiveCfg = Debug|Any CPU
		{BB7FE6DB-7110-456A-9AD5-4EEBE7BE1810}.Debug|Any CPU.Build.0 = Debug|Any CPU
		{BB7FE6DB-7110-456A-9AD5-4EEBE7BE1810}.Release|Any CPU.ActiveCfg = Release|Any CPU
		{BB7FE6DB-7110-456A-9AD5-4EEBE7BE1810}.Release|Any CPU.Build.0 = Release|Any CPU
	EndGlobalSection
	GlobalSection(SolutionProperties) = preSolution
		HideSolutionNode = FALSE
	EndGlobalSection
	GlobalSection(ExtensibilityGlobals) = postSolution
		SolutionGuid = {5146F1CE-3D81-42BD-B855-7BE1D20947FC}
	EndGlobalSection
EndGlobal
